{
  "name": "file-walk-stream",
  "version": "2.0.0",
  "lockfileVersion": 1,
  "requires": true,
  "dependencies": {
    "bs-better-stream": {
      "version": "1.8.0",
      "resolved": "https://registry.npmjs.org/bs-better-stream/-/bs-better-stream-1.8.0.tgz",
      "integrity": "sha512-/G29RorGOKxnzaok73+GrdDhfSHb3HFHMp6Cgbp3X5aIUIyAQ6rgWK3ZdrnZAO32LMylmAz7PwwjtICMwctcOA=="
    }
  }
}
