{
  "name": "file-walk-stream",
  "version": "1.1.0",
  "lockfileVersion": 1,
  "requires": true,
  "dependencies": {
    "bs-better-stream": {
      "version": "1.0.0",
      "resolved": "https://registry.npmjs.org/bs-better-stream/-/bs-better-stream-1.0.0.tgz",
      "integrity": "sha512-r2XiC1vvrZSZMBAU1SkXVbXLDDxJk9tcQ//AeYbBEDs/QUyRJ18L58TnQ6VspROsogqO+CbXfhRnNJj1+Vaa9w=="
    }
  }
}
