{
  "name": "file-walk-stream",
  "version": "2.0.0",
  "lockfileVersion": 1,
  "requires": true,
  "dependencies": {
    "bs-better-stream": {
      "version": "1.7.0",
      "resolved": "https://registry.npmjs.org/bs-better-stream/-/bs-better-stream-1.7.0.tgz",
      "integrity": "sha512-l05bMAlqoHVI+OJnt0jGKrJqUMtCkU3EarikgTjTWZJ+1/gdSLRXqdyP3eGitpQYaYo7jML+4YBlgtP20JVIVw=="
    }
  }
}
